
Microsoft Visual Studio Solution File, Format Version 12.00
# Visual Studio Version 16
VisualStudioVersion = 16.0.30428.66
MinimumVisualStudioVersion = 10.0.40219.1
Project("{FAE04EC0-301F-11D3-BF4B-00C04F79EFBC}") = "WpfApp1", "WpfApp1\WpfApp1.csproj", "{0E3E193C-EB90-475E-AAE3-87A35AB6259F}"
EndProject
Global
	GlobalSection(SolutionConfigurationPlatforms) = preSolution
		Debug|Any CPU = Debug|Any CPU
		Release|Any CPU = Release|Any CPU
	EndGlobalSection
	GlobalSection(ProjectConfigurationPlatforms) = postSolution
		{0E3E193C-EB90-475E-AAE3-87A35AB6259F}.Debug|Any CPU.ActiveCfg = Debug|Any CPU
		{0E3E193C-EB90-475E-AAE3-87A35AB6259F}.Debug|Any CPU.Build.0 = Debug|Any CPU
		{0E3E193C-EB90-475E-AAE3-87A35AB6259F}.Release|Any CPU.ActiveCfg = Release|Any CPU
		{0E3E193C-EB90-475E-AAE3-87A35AB6259F}.Release|Any CPU.Build.0 = Release|Any CPU
	EndGlobalSection
	GlobalSection(SolutionProperties) = preSolution
		HideSolutionNode = FALSE
	EndGlobalSection
	GlobalSection(ExtensibilityGlobals) = postSolution
		SolutionGuid = {FE97034F-34DA-4529-8171-7D52D4118896}
	EndGlobalSection
EndGlobal
